<?xml version="1.0" encoding="utf-8"?>
<Project ToolsVersion="4.0" xmlns="http://schemas.microsoft.com/developer/msbuild/2003">
  <ItemGroup>
    <Filter Include="Resources">
      <UniqueIdentifier>{8D33F72E-3D1B-4A33-AF25-C97887F06766}</UniqueIdentifier>
    </Filter>
    <Filter Include="Plugin">
      <UniqueIdentifier>{6E576E5E-6925-4C41-A224-03513EBE5FEB}</UniqueIdentifier>
    </Filter>
  </ItemGroup>
  <ItemGroup>
    <ClCompile Include="Core\Math\Core.Math.ixx" />
    <ClCompile Include="Core\Math\Core.Math.cpp" />
    <ClCompile Include="Core\Math\Core.Math.Vector2.cpp" />
    <ClCompile Include="Core\Math\Core.Math.Vector3.cpp" />
    <ClCompile Include="Core\Math\Core.Math.Vector4.cpp" />
    <ClCompile Include="Core\Math\Core.Math.Matrix3.cpp" />
    <ClCompile Include="Core\Math\Core.Math.Matrix4.cpp" />
    <ClCompile Include="Core\Math\Core.Math.Quaternion.cpp" />
    <ClCompile Include="Core\Math\Core.Math.SIMD.cpp" />
    <ClCompile Include="Core\Logging\Core.Logging.ixx" />
    <ClCompile Include="Core\Logging\Core.Logging.cpp" />
    <ClCompile Include="Core\Logging\Core.Logging.Sinks.cpp" />
    <ClCompile Include="Core\Memory\Core.Memory.ixx" />
    <ClCompile Include="Core\Memory\Core.Memory.cpp" />
  </ItemGroup>
  <ItemGroup>
    <ClInclude Include="Core\Logging\Core.Logging.hpp" />
    <ClInclude Include="Core\Memory\Core.Memory.hpp" />
  </ItemGroup>
</Project>