<?xml version="1.0" encoding="utf-8"?>
<Project ToolsVersion="4.0" xmlns="http://schemas.microsoft.com/developer/msbuild/2003">
  <ItemGroup>
    <Filter Include="Resources">
      <UniqueIdentifier>{8D33F72E-3D1B-4A33-AF25-C97887F06766}</UniqueIdentifier>
    </Filter>
    <Filter Include="Plugin">
      <UniqueIdentifier>{6E576E5E-6925-4C41-A224-03513EBE5FEB}</UniqueIdentifier>
    </Filter>
  </ItemGroup>
  <ItemGroup>
    <ClCompile Include="Core\Math\Core.Math.ixx" />
    <ClCompile Include="Core\Math\Core.Math.cpp" />
    <ClCompile Include="Core\Math\Core.Math.Vector2.cpp" />
    <ClCompile Include="Core\Math\Core.Math.Vector3.cpp" />
    <ClCompile Include="Core\Math\Core.Math.Vector4.cpp" />
    <ClCompile Include="Core\Math\Core.Math.Matrix3.cpp" />
    <ClCompile Include="Core\Math\Core.Math.Matrix4.cpp" />
    <ClCompile Include="Core\Math\Core.Math.Quaternion.cpp" />
    <ClCompile Include="Core\Math\Core.Math.SIMD.cpp" />
    <ClCompile Include="Core\Logging\Core.Logging.ixx" />
    <ClCompile Include="Core\Logging\Core.Logging.cpp" />
    <ClCompile Include="Core\Memory\Core.Memory.ixx" />
    <ClCompile Include="Core\Memory\Core.Memory.cpp" />
    <ClCompile Include="Core\Threading\Core.Threading.ixx" />
    <ClCompile Include="Core\Threading\Core.Threading.cpp" />
    <ClCompile Include="Core\Jobs\Core.JobSystem.ixx" />
    <ClCompile Include="Core\Jobs\Core.JobSystem.cpp" />
    <ClCompile Include="Core\Containers\Core.Containers.ixx" />
    <ClCompile Include="Core\Configuration\Core.Configuration.ixx" />
    <ClCompile Include="Core\Configuration\Core.FileHandler.ixx" />
    <ClCompile Include="Core\Configuration\Core.ConfigManager.ixx" />
    <ClCompile Include="Core\Configuration\Core.RendererConfig.ixx" />
    <ClCompile Include="Core\Logging\SpdlogIntegration.cpp" />
    <ClCompile Include="Core\Logging\EditorSink.cpp" />
    <ClCompile Include="Core\Platform\Platform.Interfaces.ixx" />
    <ClCompile Include="Core\Platform\Windows\Platform.Windows.ixx" />
    <ClCompile Include="Core\Configuration\JsonWrapper.cpp" />
    <ClCompile Include="Renderer\RHI\RHI.Interface.ixx" />
    <ClCompile Include="Renderer\RHI\RHI.Interfaces.ixx" />
    <ClCompile Include="Core\Platform\Windows\Platform.RendererIntegration.ixx" />
    <ClCompile Include="Renderer\RHI\Renderer.ixx" />
    <ClCompile Include="Renderer\RHI\Renderer.Integration.ixx" />
    <ClCompile Include="Renderer\RHI\D3D12\D3D12Device.cpp" />
    <ClCompile Include="Renderer\RHI\D3D12\D3D12DescriptorHeap.cpp" />
    <ClCompile Include="Renderer\RHI\D3D12\D3D12Core.cpp" />
    <ClCompile Include="Renderer\RHI\D3D12\D3D12Buffer.cpp" />
    <ClCompile Include="Renderer\RHI\D3D12\Renderer.cpp" />
    <ClCompile Include="Renderer\Shaders\ShaderManager.ixx" />
    <ClCompile Include="Core\Core.Result.ixx" />
    <ClCompile Include="Renderer\Shaders\D3D12\D3D12ShaderManager.cpp" />
    <ClCompile Include="Renderer\Shaders\D3D12\D3D12ShaderManager.ixx" />
  </ItemGroup>
  <ItemGroup>
    <ClInclude Include="Core\Logging\Core.Logging.hpp" />
    <ClInclude Include="Core\Memory\Core.Memory.hpp" />
    <ClInclude Include="Core\Logging\EditorSink.hpp" />
    <ClInclude Include="Core\Logging\SpdlogIntegration.hpp" />
    <ClInclude Include="Core\Containers\AllocatorAware.hpp" />
    <ClInclude Include="Core\Containers\ContainerTraits.hpp" />
    <ClInclude Include="Core\Containers\HashMap.hpp" />
    <ClInclude Include="Core\Containers\StaticArray.hpp" />
    <ClInclude Include="Core\Containers\Vector.hpp" />
    <ClInclude Include="Core\Containers\Queue.hpp" />
    <ClInclude Include="Core\Containers\Stack.hpp" />
    <ClInclude Include="Core\Configuration\JsonWrapper.hpp" />
    <ClInclude Include="Renderer\RHI\D3D12\D3D12Buffer.hpp" />
    <ClInclude Include="Renderer\RHI\D3D12\D3D12Device.hpp" />
    <ClInclude Include="Renderer\RHI\D3D12\D3D12Texture.hpp" />
    <ClInclude Include="Renderer\RHI\D3D12\D3D12CommandList.hpp" />
    <ClInclude Include="Renderer\RHI\D3D12\D3D12Pipeline.hpp" />
    <ClInclude Include="Renderer\RHI\D3D12\D3D12SwapChain.hpp" />
    <ClInclude Include="Renderer\RHI\D3D12\ForwardRenderPass.hpp" />
    <ClInclude Include="Renderer\RHI\D3D12\D3D12DescriptorHeap.hpp" />
    <ClInclude Include="Renderer\RHI\D3D12\D3D12Core.hpp" />
  </ItemGroup>
  <ItemGroup>
    <None Include="packages.config" />
  </ItemGroup>
</Project>