<?xml version="1.0" encoding="utf-8"?>
<Project ToolsVersion="4.0" xmlns="http://schemas.microsoft.com/developer/msbuild/2003">
  <ItemGroup>
    <Filter Include="Resources">
      <UniqueIdentifier>{8D33F72E-3D1B-4A33-AF25-C97887F06766}</UniqueIdentifier>
    </Filter>
    <Filter Include="Plugin">
      <UniqueIdentifier>{6E576E5E-6925-4C41-A224-03513EBE5FEB}</UniqueIdentifier>
    </Filter>
  </ItemGroup>
  <ItemGroup>
    <ClCompile Include="Core\Math\Core.Math.ixx" />
    <ClCompile Include="Core\Memory\Core.Memory.ixx" />
    <ClCompile Include="Core\Containers\Core.Containers.ixx" />
    <ClCompile Include="Renderer\RHI\Engine.RHI.ixx" />
    <ClCompile Include="Resources\Engine.Resource.ixx" />
    <ClCompile Include="Plugin\Engine.Plugin.ixx" />
    <ClCompile Include="Core\Platform\Windows\Win32Window.cpp" />
    <ClCompile Include="Core\Math\Core.Math.cpp" />
  </ItemGroup>
  <ItemGroup>
    <ClInclude Include="Core\Platform\Windows\Win32Window.hpp" />
  </ItemGroup>
</Project>